
Microsoft Visual Studio Solution File, Format Version 12.00
# Visual Studio 15
VisualStudioVersion = 15.0.27428.2002
MinimumVisualStudioVersion = 10.0.40219.1
Project("{159641D6-6404-4A2A-AE62-294DE0FE8301}") = "hd4z7", "hd4z7\hd4z7.dtproj", "{3F699DD6-1B37-4FE5-9326-4903321DC148}"
EndProject
Global
	GlobalSection(SolutionConfigurationPlatforms) = preSolution
		Development|Default = Development|Default
	EndGlobalSection
	GlobalSection(ProjectConfigurationPlatforms) = postSolution
		{3F699DD6-1B37-4FE5-9326-4903321DC148}.Development|Default.ActiveCfg = Development
		{3F699DD6-1B37-4FE5-9326-4903321DC148}.Development|Default.Build.0 = Development
	EndGlobalSection
	GlobalSection(SolutionProperties) = preSolution
		HideSolutionNode = FALSE
	EndGlobalSection
	GlobalSection(ExtensibilityGlobals) = postSolution
		SolutionGuid = {0345CBAC-1BF8-4930-BA65-677B73935DD8}
	EndGlobalSection
EndGlobal
